// !$*UTF8*$!
{
	archiveVersion = 1;
	classes = {
	};
	objectVersion = 56;
	objects = {

/* Begin PBXBuildFile section */
		271E2B222BE01A9400D802AD /* ProfileView.swift in Sources */ = {isa = PBXBuildFile; fileRef = 271E2B212BE01A9400D802AD /* ProfileView.swift */; };
		271E2B242BE01FD700D802AD /* SettingsView.swift in Sources */ = {isa = PBXBuildFile; fileRef = 271E2B232BE01FD700D802AD /* SettingsView.swift */; };
		271E2B262BE0218E00D802AD /* AccountSettingsView.swift in Sources */ = {isa = PBXBuildFile; fileRef = 271E2B252BE0218E00D802AD /* AccountSettingsView.swift */; };
		271E2B282BE0219C00D802AD /* PreferencesView.swift in Sources */ = {isa = PBXBuildFile; fileRef = 271E2B272BE0219C00D802AD /* PreferencesView.swift */; };
		271E2B2A2BE021A900D802AD /* NotificationsView.swift in Sources */ = {isa = PBXBuildFile; fileRef = 271E2B292BE021A900D802AD /* NotificationsView.swift */; };
		C72A0A4A2B7C1FB40072A87C /* DropdownTextView.swift in Sources */ = {isa = PBXBuildFile; fileRef = C72A0A492B7C1FB40072A87C /* DropdownTextView.swift */; };
		C7719B7D2B6AEAD400C5DD80 /* Enum-Cases.swift in Sources */ = {isa = PBXBuildFile; fileRef = C7719B7C2B6AEAD400C5DD80 /* Enum-Cases.swift */; };
		D16CAA002B76AFDA00615EC2 /* DrawingView.swift in Sources */ = {isa = PBXBuildFile; fileRef = D16CA9FF2B76AFDA00615EC2 /* DrawingView.swift */; };
		D16CAA022B76B16A00615EC2 /* Constants.swift in Sources */ = {isa = PBXBuildFile; fileRef = D16CAA012B76B16A00615EC2 /* Constants.swift */; };
		D16CAA062B76B83D00615EC2 /* ColorPickerView.swift in Sources */ = {isa = PBXBuildFile; fileRef = D16CAA052B76B83D00615EC2 /* ColorPickerView.swift */; };
		D19A7A752BCF00D400E03789 /* ThreeDButton.swift in Sources */ = {isa = PBXBuildFile; fileRef = D19A7A742BCF00D400E03789 /* ThreeDButton.swift */; };
		D1C93A982B681A22001734A2 /* CreativeAppApp.swift in Sources */ = {isa = PBXBuildFile; fileRef = D1C93A972B681A22001734A2 /* CreativeAppApp.swift */; };
		D1C93A9A2B681A22001734A2 /* ContentView.swift in Sources */ = {isa = PBXBuildFile; fileRef = D1C93A992B681A22001734A2 /* ContentView.swift */; };
		D1C93A9C2B681A24001734A2 /* Assets.xcassets in Resources */ = {isa = PBXBuildFile; fileRef = D1C93A9B2B681A24001734A2 /* Assets.xcassets */; };
		D1C93A9F2B681A24001734A2 /* Preview Assets.xcassets in Resources */ = {isa = PBXBuildFile; fileRef = D1C93A9E2B681A24001734A2 /* Preview Assets.xcassets */; };
		D1C93AA72B681CA4001734A2 /* MenuOptions.swift in Sources */ = {isa = PBXBuildFile; fileRef = D1C93AA62B681CA4001734A2 /* MenuOptions.swift */; };
		D1C93AA92B681F2C001734A2 /* Menu.swift in Sources */ = {isa = PBXBuildFile; fileRef = D1C93AA82B681F2C001734A2 /* Menu.swift */; };
		D1C93AAF2B6AC4B5001734A2 /* MenuList.swift in Sources */ = {isa = PBXBuildFile; fileRef = D1C93AAE2B6AC4B5001734A2 /* MenuList.swift */; };
		D1C93AB12B6AC616001734A2 /* MenuListRow.swift in Sources */ = {isa = PBXBuildFile; fileRef = D1C93AB02B6AC616001734A2 /* MenuListRow.swift */; };
		D1C93AB32B6C2F56001734A2 /* Localizable.xcstrings in Resources */ = {isa = PBXBuildFile; fileRef = D1C93AB22B6C2F56001734A2 /* Localizable.xcstrings */; };
		D1C93AB72B6D6D7F001734A2 /* ActivitiesView.swift in Sources */ = {isa = PBXBuildFile; fileRef = D1C93AB62B6D6D7F001734A2 /* ActivitiesView.swift */; };
/* End PBXBuildFile section */

/* Begin PBXFileReference section */
		271E2B212BE01A9400D802AD /* ProfileView.swift */ = {isa = PBXFileReference; lastKnownFileType = sourcecode.swift; path = ProfileView.swift; sourceTree = "<group>"; };
		271E2B232BE01FD700D802AD /* SettingsView.swift */ = {isa = PBXFileReference; lastKnownFileType = sourcecode.swift; path = SettingsView.swift; sourceTree = "<group>"; };
		271E2B252BE0218E00D802AD /* AccountSettingsView.swift */ = {isa = PBXFileReference; lastKnownFileType = sourcecode.swift; path = AccountSettingsView.swift; sourceTree = "<group>"; };
		271E2B272BE0219C00D802AD /* PreferencesView.swift */ = {isa = PBXFileReference; lastKnownFileType = sourcecode.swift; path = PreferencesView.swift; sourceTree = "<group>"; };
		271E2B292BE021A900D802AD /* NotificationsView.swift */ = {isa = PBXFileReference; lastKnownFileType = sourcecode.swift; path = NotificationsView.swift; sourceTree = "<group>"; };
		C72A0A492B7C1FB40072A87C /* DropdownTextView.swift */ = {isa = PBXFileReference; lastKnownFileType = sourcecode.swift; path = DropdownTextView.swift; sourceTree = "<group>"; };
		C7719B7C2B6AEAD400C5DD80 /* Enum-Cases.swift */ = {isa = PBXFileReference; lastKnownFileType = sourcecode.swift; path = "Enum-Cases.swift"; sourceTree = "<group>"; };
		D16CA9FF2B76AFDA00615EC2 /* DrawingView.swift */ = {isa = PBXFileReference; lastKnownFileType = sourcecode.swift; path = DrawingView.swift; sourceTree = "<group>"; };
		D16CAA012B76B16A00615EC2 /* Constants.swift */ = {isa = PBXFileReference; lastKnownFileType = sourcecode.swift; path = Constants.swift; sourceTree = "<group>"; };
		D16CAA052B76B83D00615EC2 /* ColorPickerView.swift */ = {isa = PBXFileReference; lastKnownFileType = sourcecode.swift; path = ColorPickerView.swift; sourceTree = "<group>"; };
		D19A7A732BCDAFD600E03789 /* MuseMe-Info.plist */ = {isa = PBXFileReference; lastKnownFileType = text.plist; path = "MuseMe-Info.plist"; sourceTree = "<group>"; };
		D19A7A742BCF00D400E03789 /* ThreeDButton.swift */ = {isa = PBXFileReference; lastKnownFileType = sourcecode.swift; path = ThreeDButton.swift; sourceTree = "<group>"; };
		D1C93A942B681A22001734A2 /* MuseMe.app */ = {isa = PBXFileReference; explicitFileType = wrapper.application; includeInIndex = 0; path = MuseMe.app; sourceTree = BUILT_PRODUCTS_DIR; };
		D1C93A972B681A22001734A2 /* CreativeAppApp.swift */ = {isa = PBXFileReference; lastKnownFileType = sourcecode.swift; path = CreativeAppApp.swift; sourceTree = "<group>"; };
		D1C93A992B681A22001734A2 /* ContentView.swift */ = {isa = PBXFileReference; lastKnownFileType = sourcecode.swift; path = ContentView.swift; sourceTree = "<group>"; };
		D1C93A9B2B681A24001734A2 /* Assets.xcassets */ = {isa = PBXFileReference; lastKnownFileType = folder.assetcatalog; path = Assets.xcassets; sourceTree = "<group>"; };
		D1C93A9E2B681A24001734A2 /* Preview Assets.xcassets */ = {isa = PBXFileReference; lastKnownFileType = folder.assetcatalog; path = "Preview Assets.xcassets"; sourceTree = "<group>"; };
		D1C93AA62B681CA4001734A2 /* MenuOptions.swift */ = {isa = PBXFileReference; lastKnownFileType = sourcecode.swift; path = MenuOptions.swift; sourceTree = "<group>"; };
		D1C93AA82B681F2C001734A2 /* Menu.swift */ = {isa = PBXFileReference; lastKnownFileType = sourcecode.swift; path = Menu.swift; sourceTree = "<group>"; };
		D1C93AAE2B6AC4B5001734A2 /* MenuList.swift */ = {isa = PBXFileReference; lastKnownFileType = sourcecode.swift; path = MenuList.swift; sourceTree = "<group>"; };
		D1C93AB02B6AC616001734A2 /* MenuListRow.swift */ = {isa = PBXFileReference; lastKnownFileType = sourcecode.swift; path = MenuListRow.swift; sourceTree = "<group>"; };
		D1C93AB22B6C2F56001734A2 /* Localizable.xcstrings */ = {isa = PBXFileReference; lastKnownFileType = text.json.xcstrings; path = Localizable.xcstrings; sourceTree = "<group>"; };
		D1C93AB62B6D6D7F001734A2 /* ActivitiesView.swift */ = {isa = PBXFileReference; lastKnownFileType = sourcecode.swift; path = ActivitiesView.swift; sourceTree = "<group>"; };
/* End PBXFileReference section */

/* Begin PBXFrameworksBuildPhase section */
		D1C93A912B681A22001734A2 /* Frameworks */ = {
			isa = PBXFrameworksBuildPhase;
			buildActionMask = 2147483647;
			files = (
			);
			runOnlyForDeploymentPostprocessing = 0;
		};
/* End PBXFrameworksBuildPhase section */

/* Begin PBXGroup section */
		D1C93A8B2B681A22001734A2 = {
			isa = PBXGroup;
			children = (
				D19A7A732BCDAFD600E03789 /* MuseMe-Info.plist */,
				C7719B7C2B6AEAD400C5DD80 /* Enum-Cases.swift */,
				D1C93A962B681A22001734A2 /* CreativeApp */,
				D1C93A952B681A22001734A2 /* Products */,
			);
			sourceTree = "<group>";
		};
		D1C93A952B681A22001734A2 /* Products */ = {
			isa = PBXGroup;
			children = (
				D1C93A942B681A22001734A2 /* MuseMe.app */,
			);
			name = Products;
			sourceTree = "<group>";
		};
		D1C93A962B681A22001734A2 /* CreativeApp */ = {
			isa = PBXGroup;
			children = (
				D1C93AA52B681C0F001734A2 /* DropDownMenu */,
				D1C93A972B681A22001734A2 /* CreativeAppApp.swift */,
				D1C93A992B681A22001734A2 /* ContentView.swift */,
				C72A0A492B7C1FB40072A87C /* DropdownTextView.swift */,
				D1C93AB62B6D6D7F001734A2 /* ActivitiesView.swift */,
				D16CA9FF2B76AFDA00615EC2 /* DrawingView.swift */,
				D1C93A9B2B681A24001734A2 /* Assets.xcassets */,
				D1C93A9D2B681A24001734A2 /* Preview Content */,
				D1C93AB22B6C2F56001734A2 /* Localizable.xcstrings */,
				D16CAA012B76B16A00615EC2 /* Constants.swift */,
				D16CAA052B76B83D00615EC2 /* ColorPickerView.swift */,
				D19A7A742BCF00D400E03789 /* ThreeDButton.swift */,
				271E2B292BE021A900D802AD /* NotificationsView.swift */,
				271E2B272BE0219C00D802AD /* PreferencesView.swift */,
				271E2B252BE0218E00D802AD /* AccountSettingsView.swift */,
				271E2B232BE01FD700D802AD /* SettingsView.swift */,
				271E2B212BE01A9400D802AD /* ProfileView.swift */,
			);
			path = CreativeApp;
			sourceTree = "<group>";
		};
		D1C93A9D2B681A24001734A2 /* Preview Content */ = {
			isa = PBXGroup;
			children = (
				D1C93A9E2B681A24001734A2 /* Preview Assets.xcassets */,
			);
			path = "Preview Content";
			sourceTree = "<group>";
		};
		D1C93AA52B681C0F001734A2 /* DropDownMenu */ = {
			isa = PBXGroup;
			children = (
				D1C93AA62B681CA4001734A2 /* MenuOptions.swift */,
				D1C93AA82B681F2C001734A2 /* Menu.swift */,
				D1C93AAE2B6AC4B5001734A2 /* MenuList.swift */,
				D1C93AB02B6AC616001734A2 /* MenuListRow.swift */,
			);
			path = DropDownMenu;
			sourceTree = "<group>";
		};
/* End PBXGroup section */

/* Begin PBXNativeTarget section */
		D1C93A932B681A22001734A2 /* MuseMe */ = {
			isa = PBXNativeTarget;
			buildConfigurationList = D1C93AA22B681A24001734A2 /* Build configuration list for PBXNativeTarget "MuseMe" */;
			buildPhases = (
				D1C93A902B681A22001734A2 /* Sources */,
				D1C93A912B681A22001734A2 /* Frameworks */,
				D1C93A922B681A22001734A2 /* Resources */,
			);
			buildRules = (
			);
			dependencies = (
			);
			name = MuseMe;
			productName = CreativeApp;
			productReference = D1C93A942B681A22001734A2 /* MuseMe.app */;
			productType = "com.apple.product-type.application";
		};
/* End PBXNativeTarget section */

/* Begin PBXProject section */
		D1C93A8C2B681A22001734A2 /* Project object */ = {
			isa = PBXProject;
			attributes = {
				BuildIndependentTargetsInParallel = 1;
				LastSwiftUpdateCheck = 1500;
				LastUpgradeCheck = 1520;
				TargetAttributes = {
					D1C93A932B681A22001734A2 = {
						CreatedOnToolsVersion = 15.0.1;
					};
				};
			};
			buildConfigurationList = D1C93A8F2B681A22001734A2 /* Build configuration list for PBXProject "MuseMe" */;
			compatibilityVersion = "Xcode 14.0";
			developmentRegion = en;
			hasScannedForEncodings = 0;
			knownRegions = (
				en,
				Base,
				"zh-Hans",
			);
			mainGroup = D1C93A8B2B681A22001734A2;
			productRefGroup = D1C93A952B681A22001734A2 /* Products */;
			projectDirPath = "";
			projectRoot = "";
			targets = (
				D1C93A932B681A22001734A2 /* MuseMe */,
			);
		};
/* End PBXProject section */

/* Begin PBXResourcesBuildPhase section */
		D1C93A922B681A22001734A2 /* Resources */ = {
			isa = PBXResourcesBuildPhase;
			buildActionMask = 2147483647;
			files = (
				D1C93A9F2B681A24001734A2 /* Preview Assets.xcassets in Resources */,
				D1C93A9C2B681A24001734A2 /* Assets.xcassets in Resources */,
				D1C93AB32B6C2F56001734A2 /* Localizable.xcstrings in Resources */,
			);
			runOnlyForDeploymentPostprocessing = 0;
		};
/* End PBXResourcesBuildPhase section */

/* Begin PBXSourcesBuildPhase section */
		D1C93A902B681A22001734A2 /* Sources */ = {
			isa = PBXSourcesBuildPhase;
			buildActionMask = 2147483647;
			files = (
				271E2B242BE01FD700D802AD /* SettingsView.swift in Sources */,
				D1C93A9A2B681A22001734A2 /* ContentView.swift in Sources */,
				271E2B282BE0219C00D802AD /* PreferencesView.swift in Sources */,
				C7719B7D2B6AEAD400C5DD80 /* Enum-Cases.swift in Sources */,
				D16CAA022B76B16A00615EC2 /* Constants.swift in Sources */,
				D1C93AB12B6AC616001734A2 /* MenuListRow.swift in Sources */,
				D1C93A982B681A22001734A2 /* CreativeAppApp.swift in Sources */,
				D1C93AA92B681F2C001734A2 /* Menu.swift in Sources */,
				C72A0A4A2B7C1FB40072A87C /* DropdownTextView.swift in Sources */,
				D1C93AAF2B6AC4B5001734A2 /* MenuList.swift in Sources */,
				D16CAA062B76B83D00615EC2 /* ColorPickerView.swift in Sources */,
				D16CAA002B76AFDA00615EC2 /* DrawingView.swift in Sources */,
				D1C93AB72B6D6D7F001734A2 /* ActivitiesView.swift in Sources */,
				D19A7A752BCF00D400E03789 /* ThreeDButton.swift in Sources */,
				271E2B262BE0218E00D802AD /* AccountSettingsView.swift in Sources */,
				271E2B222BE01A9400D802AD /* ProfileView.swift in Sources */,
				D1C93AA72B681CA4001734A2 /* MenuOptions.swift in Sources */,
				271E2B2A2BE021A900D802AD /* NotificationsView.swift in Sources */,
			);
			runOnlyForDeploymentPostprocessing = 0;
		};
/* End PBXSourcesBuildPhase section */

/* Begin XCBuildConfiguration section */
		D1C93AA02B681A24001734A2 /* Debug */ = {
			isa = XCBuildConfiguration;
			buildSettings = {
				ALWAYS_SEARCH_USER_PATHS = NO;
				ASSETCATALOG_COMPILER_GENERATE_SWIFT_ASSET_SYMBOL_EXTENSIONS = YES;
				CLANG_ANALYZER_LOCALIZABILITY_NONLOCALIZED = YES;
				CLANG_ANALYZER_NONNULL = YES;
				CLANG_ANALYZER_NUMBER_OBJECT_CONVERSION = YES_AGGRESSIVE;
				CLANG_CXX_LANGUAGE_STANDARD = "gnu++20";
				CLANG_ENABLE_MODULES = YES;
				CLANG_ENABLE_OBJC_ARC = YES;
				CLANG_ENABLE_OBJC_WEAK = YES;
				CLANG_WARN_BLOCK_CAPTURE_AUTORELEASING = YES;
				CLANG_WARN_BOOL_CONVERSION = YES;
				CLANG_WARN_COMMA = YES;
				CLANG_WARN_CONSTANT_CONVERSION = YES;
				CLANG_WARN_DEPRECATED_OBJC_IMPLEMENTATIONS = YES;
				CLANG_WARN_DIRECT_OBJC_ISA_USAGE = YES_ERROR;
				CLANG_WARN_DOCUMENTATION_COMMENTS = YES;
				CLANG_WARN_EMPTY_BODY = YES;
				CLANG_WARN_ENUM_CONVERSION = YES;
				CLANG_WARN_INFINITE_RECURSION = YES;
				CLANG_WARN_INT_CONVERSION = YES;
				CLANG_WARN_NON_LITERAL_NULL_CONVERSION = YES;
				CLANG_WARN_OBJC_IMPLICIT_RETAIN_SELF = YES;
				CLANG_WARN_OBJC_LITERAL_CONVERSION = YES;
				CLANG_WARN_OBJC_ROOT_CLASS = YES_ERROR;
				CLANG_WARN_QUOTED_INCLUDE_IN_FRAMEWORK_HEADER = YES;
				CLANG_WARN_RANGE_LOOP_ANALYSIS = YES;
				CLANG_WARN_STRICT_PROTOTYPES = YES;
				CLANG_WARN_SUSPICIOUS_MOVE = YES;
				CLANG_WARN_UNGUARDED_AVAILABILITY = YES_AGGRESSIVE;
				CLANG_WARN_UNREACHABLE_CODE = YES;
				CLANG_WARN__DUPLICATE_METHOD_MATCH = YES;
				COPY_PHASE_STRIP = NO;
				DEBUG_INFORMATION_FORMAT = dwarf;
				ENABLE_STRICT_OBJC_MSGSEND = YES;
				ENABLE_TESTABILITY = YES;
				ENABLE_USER_SCRIPT_SANDBOXING = YES;
				GCC_C_LANGUAGE_STANDARD = gnu17;
				GCC_DYNAMIC_NO_PIC = NO;
				GCC_NO_COMMON_BLOCKS = YES;
				GCC_OPTIMIZATION_LEVEL = 0;
				GCC_PREPROCESSOR_DEFINITIONS = (
					"DEBUG=1",
					"$(inherited)",
				);
				GCC_WARN_64_TO_32_BIT_CONVERSION = YES;
				GCC_WARN_ABOUT_RETURN_TYPE = YES_ERROR;
				GCC_WARN_UNDECLARED_SELECTOR = YES;
				GCC_WARN_UNINITIALIZED_AUTOS = YES_AGGRESSIVE;
				GCC_WARN_UNUSED_FUNCTION = YES;
				GCC_WARN_UNUSED_VARIABLE = YES;
				IPHONEOS_DEPLOYMENT_TARGET = 17.0;
				LOCALIZATION_PREFERS_STRING_CATALOGS = YES;
				MTL_ENABLE_DEBUG_INFO = INCLUDE_SOURCE;
				MTL_FAST_MATH = YES;
				ONLY_ACTIVE_ARCH = YES;
				SDKROOT = iphoneos;
				SWIFT_ACTIVE_COMPILATION_CONDITIONS = "DEBUG $(inherited)";
				SWIFT_OPTIMIZATION_LEVEL = "-Onone";
			};
			name = Debug;
		};
		D1C93AA12B681A24001734A2 /* Release */ = {
			isa = XCBuildConfiguration;
			buildSettings = {
				ALWAYS_SEARCH_USER_PATHS = NO;
				ASSETCATALOG_COMPILER_GENERATE_SWIFT_ASSET_SYMBOL_EXTENSIONS = YES;
				CLANG_ANALYZER_LOCALIZABILITY_NONLOCALIZED = YES;
				CLANG_ANALYZER_NONNULL = YES;
				CLANG_ANALYZER_NUMBER_OBJECT_CONVERSION = YES_AGGRESSIVE;
				CLANG_CXX_LANGUAGE_STANDARD = "gnu++20";
				CLANG_ENABLE_MODULES = YES;
				CLANG_ENABLE_OBJC_ARC = YES;
				CLANG_ENABLE_OBJC_WEAK = YES;
				CLANG_WARN_BLOCK_CAPTURE_AUTORELEASING = YES;
				CLANG_WARN_BOOL_CONVERSION = YES;
				CLANG_WARN_COMMA = YES;
				CLANG_WARN_CONSTANT_CONVERSION = YES;
				CLANG_WARN_DEPRECATED_OBJC_IMPLEMENTATIONS = YES;
				CLANG_WARN_DIRECT_OBJC_ISA_USAGE = YES_ERROR;
				CLANG_WARN_DOCUMENTATION_COMMENTS = YES;
				CLANG_WARN_EMPTY_BODY = YES;
				CLANG_WARN_ENUM_CONVERSION = YES;
				CLANG_WARN_INFINITE_RECURSION = YES;
				CLANG_WARN_INT_CONVERSION = YES;
				CLANG_WARN_NON_LITERAL_NULL_CONVERSION = YES;
				CLANG_WARN_OBJC_IMPLICIT_RETAIN_SELF = YES;
				CLANG_WARN_OBJC_LITERAL_CONVERSION = YES;
				CLANG_WARN_OBJC_ROOT_CLASS = YES_ERROR;
				CLANG_WARN_QUOTED_INCLUDE_IN_FRAMEWORK_HEADER = YES;
				CLANG_WARN_RANGE_LOOP_ANALYSIS = YES;
				CLANG_WARN_STRICT_PROTOTYPES = YES;
				CLANG_WARN_SUSPICIOUS_MOVE = YES;
				CLANG_WARN_UNGUARDED_AVAILABILITY = YES_AGGRESSIVE;
				CLANG_WARN_UNREACHABLE_CODE = YES;
				CLANG_WARN__DUPLICATE_METHOD_MATCH = YES;
				COPY_PHASE_STRIP = NO;
				DEBUG_INFORMATION_FORMAT = "dwarf-with-dsym";
				ENABLE_NS_ASSERTIONS = NO;
				ENABLE_STRICT_OBJC_MSGSEND = YES;
				ENABLE_USER_SCRIPT_SANDBOXING = YES;
				GCC_C_LANGUAGE_STANDARD = gnu17;
				GCC_NO_COMMON_BLOCKS = YES;
				GCC_WARN_64_TO_32_BIT_CONVERSION = YES;
				GCC_WARN_ABOUT_RETURN_TYPE = YES_ERROR;
				GCC_WARN_UNDECLARED_SELECTOR = YES;
				GCC_WARN_UNINITIALIZED_AUTOS = YES_AGGRESSIVE;
				GCC_WARN_UNUSED_FUNCTION = YES;
				GCC_WARN_UNUSED_VARIABLE = YES;
				IPHONEOS_DEPLOYMENT_TARGET = 17.0;
				LOCALIZATION_PREFERS_STRING_CATALOGS = YES;
				MTL_ENABLE_DEBUG_INFO = NO;
				MTL_FAST_MATH = YES;
				SDKROOT = iphoneos;
				SWIFT_COMPILATION_MODE = wholemodule;
				VALIDATE_PRODUCT = YES;
			};
			name = Release;
		};
		D1C93AA32B681A24001734A2 /* Debug */ = {
			isa = XCBuildConfiguration;
			buildSettings = {
				ASSETCATALOG_COMPILER_APPICON_NAME = AppIcon;
				ASSETCATALOG_COMPILER_GLOBAL_ACCENT_COLOR_NAME = AccentColor;
				CODE_SIGN_STYLE = Automatic;
				CURRENT_PROJECT_VERSION = 1;
				DEVELOPMENT_ASSET_PATHS = "\"CreativeApp/Preview Content\"";
				DEVELOPMENT_TEAM = U5826G2GQB;
				ENABLE_PREVIEWS = YES;
				GENERATE_INFOPLIST_FILE = YES;
				INFOPLIST_FILE = "MuseMe-Info.plist";
				INFOPLIST_KEY_NSCameraUsageDescription = "";
				INFOPLIST_KEY_NSMicrophoneUsageDescription = "";
				INFOPLIST_KEY_NSPhotoLibraryAddUsageDescription = "MuseMe would like to save your photos to your gallery.";
				INFOPLIST_KEY_NSPhotoLibraryUsageDescription = "";
				INFOPLIST_KEY_UIApplicationSceneManifest_Generation = YES;
				INFOPLIST_KEY_UIApplicationSupportsIndirectInputEvents = YES;
				INFOPLIST_KEY_UILaunchScreen_Generation = YES;
				INFOPLIST_KEY_UISupportedInterfaceOrientations_iPad = "UIInterfaceOrientationPortrait UIInterfaceOrientationPortraitUpsideDown UIInterfaceOrientationLandscapeLeft UIInterfaceOrientationLandscapeRight";
				INFOPLIST_KEY_UISupportedInterfaceOrientations_iPhone = "UIInterfaceOrientationPortrait UIInterfaceOrientationLandscapeLeft UIInterfaceOrientationLandscapeRight";
				LD_RUNPATH_SEARCH_PATHS = (
					"$(inherited)",
					"@executable_path/Frameworks",
				);
				MARKETING_VERSION = 1.0;
				PRODUCT_BUNDLE_IDENTIFIER = Test.CreativeApp;
				PRODUCT_NAME = "$(TARGET_NAME)";
				SWIFT_EMIT_LOC_STRINGS = YES;
				SWIFT_VERSION = 5.0;
				TARGETED_DEVICE_FAMILY = "1,2";
			};
			name = Debug;
		};
		D1C93AA42B681A24001734A2 /* Release */ = {
			isa = XCBuildConfiguration;
			buildSettings = {
				ASSETCATALOG_COMPILER_APPICON_NAME = AppIcon;
				ASSETCATALOG_COMPILER_GLOBAL_ACCENT_COLOR_NAME = AccentColor;
				CODE_SIGN_STYLE = Automatic;
				CURRENT_PROJECT_VERSION = 1;
				DEVELOPMENT_ASSET_PATHS = "\"CreativeApp/Preview Content\"";
				DEVELOPMENT_TEAM = U5826G2GQB;
				ENABLE_PREVIEWS = YES;
				GENERATE_INFOPLIST_FILE = YES;
				INFOPLIST_FILE = "MuseMe-Info.plist";
				INFOPLIST_KEY_NSCameraUsageDescription = "";
				INFOPLIST_KEY_NSMicrophoneUsageDescription = "";
				INFOPLIST_KEY_NSPhotoLibraryAddUsageDescription = "MuseMe would like to save your photos to your gallery.";
				INFOPLIST_KEY_NSPhotoLibraryUsageDescription = "";
				INFOPLIST_KEY_UIApplicationSceneManifest_Generation = YES;
				INFOPLIST_KEY_UIApplicationSupportsIndirectInputEvents = YES;
				INFOPLIST_KEY_UILaunchScreen_Generation = YES;
				INFOPLIST_KEY_UISupportedInterfaceOrientations_iPad = "UIInterfaceOrientationPortrait UIInterfaceOrientationPortraitUpsideDown UIInterfaceOrientationLandscapeLeft UIInterfaceOrientationLandscapeRight";
				INFOPLIST_KEY_UISupportedInterfaceOrientations_iPhone = "UIInterfaceOrientationPortrait UIInterfaceOrientationLandscapeLeft UIInterfaceOrientationLandscapeRight";
				LD_RUNPATH_SEARCH_PATHS = (
					"$(inherited)",
					"@executable_path/Frameworks",
				);
				MARKETING_VERSION = 1.0;
				PRODUCT_BUNDLE_IDENTIFIER = Test.CreativeApp;
				PRODUCT_NAME = "$(TARGET_NAME)";
				SWIFT_EMIT_LOC_STRINGS = YES;
				SWIFT_VERSION = 5.0;
				TARGETED_DEVICE_FAMILY = "1,2";
			};
			name = Release;
		};
/* End XCBuildConfiguration section */

/* Begin XCConfigurationList section */
		D1C93A8F2B681A22001734A2 /* Build configuration list for PBXProject "MuseMe" */ = {
			isa = XCConfigurationList;
			buildConfigurations = (
				D1C93AA02B681A24001734A2 /* Debug */,
				D1C93AA12B681A24001734A2 /* Release */,
			);
			defaultConfigurationIsVisible = 0;
			defaultConfigurationName = Release;
		};
		D1C93AA22B681A24001734A2 /* Build configuration list for PBXNativeTarget "MuseMe" */ = {
			isa = XCConfigurationList;
			buildConfigurations = (
				D1C93AA32B681A24001734A2 /* Debug */,
				D1C93AA42B681A24001734A2 /* Release */,
			);
			defaultConfigurationIsVisible = 0;
			defaultConfigurationName = Release;
		};
/* End XCConfigurationList section */
	};
	rootObject = D1C93A8C2B681A22001734A2 /* Project object */;
}
